<?xml version="1.0" encoding="UTF-8"?>
<CONFIG>
  <ProjectOptions>
    <Version Value="12"/>
    <PathDelim Value="\"/>
    <General>
      <Flags>
        <MainUnitHasUsesSectionForAllUnits Value="False"/>
        <MainUnitHasCreateFormStatements Value="False"/>
        <MainUnitHasTitleStatement Value="False"/>
        <MainUnitHasScaledStatement Value="False"/>
        <LRSInOutputDirectory Value="False"/>
        <SaveJumpHistory Value="False"/>
        <SaveFoldState Value="False"/>
      </Flags>
      <SessionStorage Value="None"/>
      <AutoCreateForms Value="False"/>
      <Title Value="FreeShip"/>
      <UseAppBundle Value="False"/>
      <ResourceType Value="res"/>
      <Icon Value="0"/>
    </General>
    <BuildModes>
      <Item Name="Default" Default="True"/>
    </BuildModes>
    <PublishOptions>
      <Version Value="2"/>
      <UseFileFilters Value="True"/>
    </PublishOptions>
    <RunParams>
      <FormatVersion Value="2"/>
      <Modes>
        <Mode Name="default"/>
      </Modes>
    </RunParams>
    <RequiredPackages>
      <Item>
        <PackageName Value="LCL"/>
      </Item>
    </RequiredPackages>
    <Units>
      <Unit>
        <Filename Value="Pascal\FreeShip.project"/>
        <IsPartOfProject Value="True"/>
      </Unit>
      <Unit>
        <Filename Value="Pascal\FreeLanguageSupport.pas"/>
        <IsPartOfProject Value="True"/>
      </Unit>
      <Unit>
        <Filename Value="Pascal\Main.pas"/>
        <IsPartOfProject Value="True"/>
        <ComponentName Value="MainForm"/>
        <HasResources Value="True"/>
        <ResourceBaseClass Value="Form"/>
      </Unit>
      <Unit>
        <Filename Value="Pascal\FreeHullformWindow.pas"/>
        <IsPartOfProject Value="True"/>
        <ComponentName Value="FreeHullWindow"/>
        <HasResources Value="True"/>
        <ResourceBaseClass Value="Form"/>
      </Unit>
      <Unit>
        <Filename Value="Pascal\FreeLayerDlg.pas"/>
        <IsPartOfProject Value="True"/>
        <ComponentName Value="FreeLayerDialog"/>
        <HasResources Value="True"/>
        <ResourceBaseClass Value="Form"/>
      </Unit>
      <Unit>
        <Filename Value="Pascal\FreeNewModelDlg.pas"/>
        <IsPartOfProject Value="True"/>
        <ComponentName Value="FreeNewModelDialog"/>
        <HasResources Value="True"/>
        <ResourceBaseClass Value="Form"/>
      </Unit>
      <Unit>
        <Filename Value="Pascal\FreeSplashWndw.pas"/>
        <IsPartOfProject Value="True"/>
        <ComponentName Value="FreeSplashWindow"/>
        <HasResources Value="True"/>
        <ResourceBaseClass Value="Form"/>
      </Unit>
      <Unit>
        <Filename Value="Pascal\FreeVersionUnit.pas"/>
        <IsPartOfProject Value="True"/>
      </Unit>
      <Unit>
        <Filename Value="Pascal\FreeIntersectionDlg.pas"/>
        <IsPartOfProject Value="True"/>
        <ComponentName Value="FreeIntersectionDialog"/>
        <HasResources Value="True"/>
        <ResourceBaseClass Value="Form"/>
      </Unit>
      <Unit>
        <Filename Value="Pascal\FreeExtrudeDlg.pas"/>
        <IsPartOfProject Value="True"/>
        <ComponentName Value="FreeExtrudeDialog"/>
        <HasResources Value="True"/>
        <ResourceBaseClass Value="Form"/>
      </Unit>
      <Unit>
        <Filename Value="Pascal\FreeControlPointFrm.pas"/>
        <IsPartOfProject Value="True"/>
        <ComponentName Value="FreeControlPointForm"/>
        <HasResources Value="True"/>
        <ResourceBaseClass Value="Form"/>
      </Unit>
      <Unit>
        <Filename Value="Pascal\FreeProjectSettingsDlg.pas"/>
        <IsPartOfProject Value="True"/>
        <HasResources Value="True"/>
      </Unit>
      <Unit>
        <Filename Value="Pascal\FreeRotateDlg.pas"/>
        <IsPartOfProject Value="True"/>
        <ComponentName Value="FreeRotateDialog"/>
        <HasResources Value="True"/>
        <ResourceBaseClass Value="Form"/>
      </Unit>
      <Unit>
        <Filename Value="Pascal\FreePreferencesDlg.pas"/>
        <IsPartOfProject Value="True"/>
        <ComponentName Value="FreePreferencesDialog"/>
        <HasResources Value="True"/>
        <ResourceBaseClass Value="Form"/>
      </Unit>
      <Unit>
        <Filename Value="Pascal\FreeExpanedPlatesDlg.pas"/>
        <IsPartOfProject Value="True"/>
        <ComponentName Value="FreeExpanedplatesDialog"/>
        <HasResources Value="True"/>
        <ResourceBaseClass Value="Form"/>
      </Unit>
      <Unit>
        <Filename Value="Pascal\FreeLinesplanFrme.pas"/>
        <IsPartOfProject Value="True"/>
        <ComponentName Value="FreeLinesplanFrame"/>
        <HasResources Value="True"/>
        <ResourceBaseClass Value="Frame"/>
      </Unit>
      <Unit>
        <Filename Value="Pascal\FreeLinesplanFrm.pas"/>
        <IsPartOfProject Value="True"/>
        <HasResources Value="True"/>
      </Unit>
      <Unit>
        <Filename Value="Pascal\FreeInsertPlaneDlg.pas"/>
        <IsPartOfProject Value="True"/>
        <ComponentName Value="FreeInsertPlaneDialog"/>
        <HasResources Value="True"/>
        <ResourceBaseClass Value="Form"/>
      </Unit>
      <Unit>
        <Filename Value="Pascal\FreeMirrorPlaneDlg.pas"/>
        <IsPartOfProject Value="True"/>
        <ComponentName Value="FreeMirrorPlaneDialog"/>
        <HasResources Value="True"/>
        <ResourceBaseClass Value="Form"/>
      </Unit>
      <Unit>
        <Filename Value="Pascal\FreeSelectLayersDlg.pas"/>
        <IsPartOfProject Value="True"/>
        <ComponentName Value="FreeSelectLayersDialog"/>
        <HasResources Value="True"/>
        <ResourceBaseClass Value="Form"/>
      </Unit>
      <Unit>
        <Filename Value="Pascal\VRMLUnit.pas"/>
        <IsPartOfProject Value="True"/>
      </Unit>
      <Unit>
        <Filename Value="Pascal\FreeLackenbyDlg.pas"/>
        <IsPartOfProject Value="True"/>
        <HasResources Value="True"/>
      </Unit>
      <Unit>
        <Filename Value="Pascal\FreeIGESUnit.pas"/>
        <IsPartOfProject Value="True"/>
      </Unit>
      <Unit>
        <Filename Value="Pascal\FreeIntersectLayerDlg.pas"/>
        <IsPartOfProject Value="True"/>
        <ComponentName Value="FreeIntersectLayerDialog"/>
        <HasResources Value="True"/>
        <ResourceBaseClass Value="Form"/>
      </Unit>
      <Unit>
        <Filename Value="Pascal\FreeUndoHistoryDlg.pas"/>
        <IsPartOfProject Value="True"/>
        <HasResources Value="True"/>
      </Unit>
      <Unit>
        <Filename Value="Pascal\FreeBackgroundBlendingDlg.pas"/>
        <IsPartOfProject Value="True"/>
        <ComponentName Value="FreeBackgroundBlendDialog"/>
        <HasResources Value="True"/>
        <ResourceBaseClass Value="Form"/>
      </Unit>
      <Unit>
        <Filename Value="Pascal\Free2DDXFExportDlg.pas"/>
        <IsPartOfProject Value="True"/>
        <ComponentName Value="DXFExport2DDialog"/>
        <HasResources Value="True"/>
        <ResourceBaseClass Value="Form"/>
      </Unit>
      <Unit>
        <Filename Value="Pascal\FreeShipUnit.pas"/>
        <IsPartOfProject Value="True"/>
      </Unit>
      <Unit>
        <Filename Value="Pascal\FasterList.pas"/>
        <IsPartOfProject Value="True"/>
      </Unit>
      <Unit>
        <Filename Value="Pascal\FreeGeometry.pas"/>
        <IsPartOfProject Value="True"/>
      </Unit>
      <Unit>
        <Filename Value="Pascal\FreeMatrices.pas"/>
        <IsPartOfProject Value="True"/>
      </Unit>
      <Unit>
        <Filename Value="Pascal\FreeTypes.pas"/>
        <IsPartOfProject Value="True"/>
      </Unit>
      <Unit>
        <Filename Value="Pascal\FreeShipU_IO.inc"/>
        <IsPartOfProject Value="True"/>
      </Unit>
      <Unit>
        <Filename Value="Pascal\FreeFileBuffer.pas"/>
        <IsPartOfProject Value="True"/>
      </Unit>
      <Unit>
        <Filename Value="Pascal\FreePreferences.inc"/>
        <IsPartOfProject Value="True"/>
      </Unit>
      <Unit>
        <Filename Value="Pascal\FreeProjectSettings.inc"/>
        <IsPartOfProject Value="True"/>
      </Unit>
      <Unit>
        <Filename Value="Pascal\Russian.inc"/>
        <IsPartOfProject Value="True"/>
      </Unit>
      <Unit>
        <Filename Value="Pascal\FreeSplitSectionDlg.pas"/>
        <IsPartOfProject Value="True"/>
        <ComponentName Value="FreeSplitSectionDialog"/>
        <HasResources Value="True"/>
        <ResourceBaseClass Value="Form"/>
      </Unit>
      <Unit>
        <Filename Value="Pascal\FreeHydrostaticsDlg.pas"/>
        <IsPartOfProject Value="True"/>
        <ComponentName Value="FreeHydrostaticsDialog"/>
        <HasResources Value="True"/>
        <ResourceBaseClass Value="Form"/>
      </Unit>
      <Unit>
        <Filename Value="Pascal\FreeShipU_HS.inc"/>
        <IsPartOfProject Value="True"/>
      </Unit>
      <Unit>
        <Filename Value="Pascal\FreeShipU_EX.inc"/>
        <IsPartOfProject Value="True"/>
      </Unit>
      <Unit>
        <Filename Value="Pascal\FreeGeometry_Functions.inc"/>
        <IsPartOfProject Value="True"/>
      </Unit>
      <Unit>
        <Filename Value="Pascal\Main_Wins.inc"/>
        <IsPartOfProject Value="True"/>
      </Unit>
    </Units>
  </ProjectOptions>
  <CompilerOptions>
    <Version Value="11"/>
    <PathDelim Value="\"/>
    <Target>
      <Filename Value="..\FreeShip"/>
    </Target>
    <SearchPaths>
      <IncludeFiles Value="Pascal;$(ProjOutDir)"/>
      <OtherUnitFiles Value="Pascal"/>
      <UnitOutputDirectory Value="..\Work\Obj\$(TargetCPU)-$(TargetOS)"/>
    </SearchPaths>
    <Parsing>
      <SyntaxOptions>
        <SyntaxMode Value="Delphi"/>
      </SyntaxOptions>
    </Parsing>
    <CodeGeneration>
      <Optimizations>
        <OptimizationLevel Value="3"/>
      </Optimizations>
      <SmallerCode Value="True"/>
    </CodeGeneration>
    <Linking>
      <Debugging>
        <GenerateDebugInfo Value="False"/>
        <RunWithoutDebug Value="True"/>
        <UseLineInfoUnit Value="False"/>
        <StripSymbols Value="True"/>
      </Debugging>
      <LinkSmart Value="True"/>
    </Linking>
    <Other>
      <Verbosity>
        <ShowLineNum Value="True"/>
        <ShowCond Value="True"/>
        <ShowHintsForUnusedUnitsInMainSrc Value="True"/>
      </Verbosity>
      <WriteFPCLogo Value="False"/>
      <ConfigFile>
        <StopAfterErrCount Value="24"/>
      </ConfigFile>
      <CompilerMessages>
        <IgnoredMessages idx2042="True"/>
      </CompilerMessages>
      <CustomOptions Value="-Sh
-Xs
-CF64"/>
      <ExecuteBefore>
        <CompileReasons Compile="False" Build="False" Run="False"/>
      </ExecuteBefore>
      <ExecuteAfter>
        <Command Value="UPX.cmd $TargetFile()"/>
        <CompileReasons Compile="False" Build="False" Run="False"/>
      </ExecuteAfter>
    </Other>
  </CompilerOptions>
  <Debugging>
    <Exceptions IgnoreAll="True"/>
  </Debugging>
</CONFIG>
